<Solution>
  <Folder Name="/dotnet/" />
  <Folder Name="/dotnet/Factory/">
    <Project Path="dotnet/NeuroForge.Factory/NeuroForge.Factory.csproj" Id="66b334bb-c892-4ff9-bf12-3b9a4061a785" />
  </Folder>
  <Folder Name="/dotnet/Runner/">
    <Project Path="dotnet/NeuroForge.Runner/NeuroForge.Runner.csproj" Id="ef6534bb-09fe-4172-959b-c377fc86dc81" />
  </Folder>
  <Folder Name="/dotnet/Testing/">
    <Project Path="dotnet/NeuroForge.Testing/NeuroForge.Testing.csproj" />
  </Folder>
</Solution>
